{
  "name": "@chickadee/elements",
  "version": "1.0.0",
  "lockfileVersion": 3,
  "requires": true,
  "packages": {
    "": {
      "name": "@chickadee/elements",
      "version": "1.0.0",
      "license": "MIT",
      "dependencies": {
        "lit": "^3.3.2"
      },
      "devDependencies": {
        "@pwrs/cem": "^0.9.17",
        "@rhds/tokens": "^3.0.2"
      }
    },
    "node_modules/@lit-labs/ssr-dom-shim": {
      "version": "1.5.1",
      "resolved": "https://registry.npmjs.org/@lit-labs/ssr-dom-shim/-/ssr-dom-shim-1.5.1.tgz",
      "integrity": "sha512-Aou5UdlSpr5whQe8AA/bZG0jMj96CoJIWbGfZ91qieWu5AWUMKw8VR/pAkQkJYvBNhmCcWnZlyyk5oze8JIqYA==",
      "license": "BSD-3-Clause"
    },
    "node_modules/@lit/reactive-element": {
      "version": "2.1.2",
      "resolved": "https://registry.npmjs.org/@lit/reactive-element/-/reactive-element-2.1.2.tgz",
      "integrity": "sha512-pbCDiVMnne1lYUIaYNN5wrwQXDtHaYtg7YEFPeW+hws6U47WeFvISGUWekPGKWOP1ygrs0ef0o1VJMk1exos5A==",
      "license": "BSD-3-Clause",
      "dependencies": {
        "@lit-labs/ssr-dom-shim": "^1.5.0"
      }
    },
    "node_modules/@pwrs/cem": {
      "version": "0.9.17",
      "resolved": "https://registry.npmjs.org/@pwrs/cem/-/cem-0.9.17.tgz",
      "integrity": "sha512-k5SxnGLEQh/w2C2A1zqdWVgqWDvYyPZiXpiF8Z5JjbEG96MioTVy1VOtG2OJz3eDHGzf1+1gdDDSSutNC83ZlQ==",
      "dev": true,
      "hasInstallScript": true,
      "bin": {
        "cem": "bin/cem.js"
      },
      "engines": {
        "node": ">=22.0.0"
      },
      "optionalDependencies": {
        "@pwrs/cem-darwin-arm64": "0.9.17",
        "@pwrs/cem-darwin-x64": "0.9.17",
        "@pwrs/cem-linux-arm64": "0.9.17",
        "@pwrs/cem-linux-x64": "0.9.17",
        "@pwrs/cem-win32-arm64": "0.9.17",
        "@pwrs/cem-win32-x64": "0.9.17"
      }
    },
    "node_modules/@pwrs/cem-darwin-arm64": {
      "version": "0.9.17",
      "resolved": "https://registry.npmjs.org/@pwrs/cem-darwin-arm64/-/cem-darwin-arm64-0.9.17.tgz",
      "integrity": "sha512-M/c/nifNUTaqW/jWHVPfdwRx49aNdt1okUqDixJYPc/bVRE5AdbtdDBVJROYpb1a/poIN1zXqL0bGPuGxnSiaA==",
      "cpu": [
        "arm64"
      ],
      "dev": true,
      "license": "GPL-3.0",
      "optional": true,
      "os": [
        "darwin"
      ]
    },
    "node_modules/@pwrs/cem-darwin-x64": {
      "version": "0.9.17",
      "resolved": "https://registry.npmjs.org/@pwrs/cem-darwin-x64/-/cem-darwin-x64-0.9.17.tgz",
      "integrity": "sha512-+GhPtH1TpFovTGDeW7asN98LhSt//w3WVZwDriOj8zE/gjbFPj0Hci9czZBCgivHK+GYyAuyKjOLEN9dPB90iw==",
      "cpu": [
        "x64"
      ],
      "dev": true,
      "license": "GPL-3.0",
      "optional": true,
      "os": [
        "darwin"
      ]
    },
    "node_modules/@pwrs/cem-linux-arm64": {
      "version": "0.9.17",
      "resolved": "https://registry.npmjs.org/@pwrs/cem-linux-arm64/-/cem-linux-arm64-0.9.17.tgz",
      "integrity": "sha512-Z5Q5CghnIWa/YZchefHftHoSHJByCNaQRmSdJPXCpqkfCggdAU+wRb5NcWIC93ADD9xFeNTbXpyz+UBgECa9dw==",
      "cpu": [
        "arm64"
      ],
      "dev": true,
      "license": "GPL-3.0",
      "optional": true,
      "os": [
        "linux"
      ]
    },
    "node_modules/@pwrs/cem-linux-x64": {
      "version": "0.9.17",
      "resolved": "https://registry.npmjs.org/@pwrs/cem-linux-x64/-/cem-linux-x64-0.9.17.tgz",
      "integrity": "sha512-JApB1ses8ieARp2RdORv8ZQVgFnPFbczdU2QIRYE+TCYiYXXytzqr0EhZA7kddrUU6crtQGFinMYjaRFA6zhiw==",
      "cpu": [
        "x64"
      ],
      "dev": true,
      "license": "GPL-3.0",
      "optional": true,
      "os": [
        "linux"
      ]
    },
    "node_modules/@pwrs/cem-win32-arm64": {
      "version": "0.9.17",
      "resolved": "https://registry.npmjs.org/@pwrs/cem-win32-arm64/-/cem-win32-arm64-0.9.17.tgz",
      "integrity": "sha512-pSrtopj4HMep5gLTIcfmdHzCsrUfWqjDrhda7v7ZC6MJ3DhJr/LQvmuC4itPAs42xLzuRMH+Jhq1C6T9BWXUWA==",
      "cpu": [
        "arm64"
      ],
      "dev": true,
      "license": "GPL-3.0",
      "optional": true,
      "os": [
        "win32"
      ]
    },
    "node_modules/@pwrs/cem-win32-x64": {
      "version": "0.9.17",
      "resolved": "https://registry.npmjs.org/@pwrs/cem-win32-x64/-/cem-win32-x64-0.9.17.tgz",
      "integrity": "sha512-Yc0tAYbV95IBkfnoAQwnKtW/dBgqzQo/V+H/LXlTUWm2MyMXF16eGrM7CDgY3HDx2RbYcOrgGwyX+nbIpJHKsA==",
      "cpu": [
        "x64"
      ],
      "dev": true,
      "license": "GPL-3.0",
      "optional": true,
      "os": [
        "win32"
      ]
    },
    "node_modules/@rhds/tokens": {
      "version": "3.0.2",
      "resolved": "https://registry.npmjs.org/@rhds/tokens/-/tokens-3.0.2.tgz",
      "integrity": "sha512-86ObaB5PDhLHTla5qDCAdrHGSaBAkQNaI0v6bvFGXZ4SWw5IDZ0mN7OwgDvxwR6Njg8Tu+ijNY6Dp725dDOPtg==",
      "dev": true,
      "peerDependencies": {
        "lit": "^3.0.0"
      }
    },
    "node_modules/@types/trusted-types": {
      "version": "2.0.7",
      "resolved": "https://registry.npmjs.org/@types/trusted-types/-/trusted-types-2.0.7.tgz",
      "integrity": "sha512-ScaPdn1dQczgbl0QFTeTOmVHFULt394XJgOQNoyVhZ6r2vLnMLJfBPd53SB52T/3G36VI1/g2MZaX0cwDuXsfw==",
      "license": "MIT"
    },
    "node_modules/lit": {
      "version": "3.3.2",
      "resolved": "https://registry.npmjs.org/lit/-/lit-3.3.2.tgz",
      "integrity": "sha512-NF9zbsP79l4ao2SNrH3NkfmFgN/hBYSQo90saIVI1o5GpjAdCPVstVzO1MrLOakHoEhYkrtRjPK6Ob521aoYWQ==",
      "license": "BSD-3-Clause",
      "dependencies": {
        "@lit/reactive-element": "^2.1.0",
        "lit-element": "^4.2.0",
        "lit-html": "^3.3.0"
      }
    },
    "node_modules/lit-element": {
      "version": "4.2.2",
      "resolved": "https://registry.npmjs.org/lit-element/-/lit-element-4.2.2.tgz",
      "integrity": "sha512-aFKhNToWxoyhkNDmWZwEva2SlQia+jfG0fjIWV//YeTaWrVnOxD89dPKfigCUspXFmjzOEUQpOkejH5Ly6sG0w==",
      "license": "BSD-3-Clause",
      "dependencies": {
        "@lit-labs/ssr-dom-shim": "^1.5.0",
        "@lit/reactive-element": "^2.1.0",
        "lit-html": "^3.3.0"
      }
    },
    "node_modules/lit-html": {
      "version": "3.3.2",
      "resolved": "https://registry.npmjs.org/lit-html/-/lit-html-3.3.2.tgz",
      "integrity": "sha512-Qy9hU88zcmaxBXcc10ZpdK7cOLXvXpRoBxERdtqV9QOrfpMZZ6pSYP91LhpPtap3sFMUiL7Tw2RImbe0Al2/kw==",
      "license": "BSD-3-Clause",
      "dependencies": {
        "@types/trusted-types": "^2.0.2"
      }
    }
  }
}
